
Microsoft Visual Studio Solution File, Format Version 12.00
# Visual Studio Version 16
VisualStudioVersion = 16.0.29230.47
MinimumVisualStudioVersion = 10.0.40219.1
Project("{9A19103F-16F7-4668-BE54-9A1E7A4F7556}") = "TDDByExample", "TDDByExample.csproj", "{18017402-9F47-4BA5-BD82-E3580D10B47F}"
EndProject
Project("{FAE04EC0-301F-11D3-BF4B-00C04F79EFBC}") = "Tests.CurrencyExchange", "..\Tests.CurrencyExchange\Tests.CurrencyExchange.csproj", "{9526551B-0AC0-4ED5-9B1F-72CB84DFBDD2}"
EndProject
Global
	GlobalSection(SolutionConfigurationPlatforms) = preSolution
		Debug|Any CPU = Debug|Any CPU
		Release|Any CPU = Release|Any CPU
	EndGlobalSection
	GlobalSection(ProjectConfigurationPlatforms) = postSolution
		{18017402-9F47-4BA5-BD82-E3580D10B47F}.Debug|Any CPU.ActiveCfg = Debug|Any CPU
		{18017402-9F47-4BA5-BD82-E3580D10B47F}.Debug|Any CPU.Build.0 = Debug|Any CPU
		{18017402-9F47-4BA5-BD82-E3580D10B47F}.Release|Any CPU.ActiveCfg = Release|Any CPU
		{18017402-9F47-4BA5-BD82-E3580D10B47F}.Release|Any CPU.Build.0 = Release|Any CPU
		{9526551B-0AC0-4ED5-9B1F-72CB84DFBDD2}.Debug|Any CPU.ActiveCfg = Debug|Any CPU
		{9526551B-0AC0-4ED5-9B1F-72CB84DFBDD2}.Debug|Any CPU.Build.0 = Debug|Any CPU
		{9526551B-0AC0-4ED5-9B1F-72CB84DFBDD2}.Release|Any CPU.ActiveCfg = Release|Any CPU
		{9526551B-0AC0-4ED5-9B1F-72CB84DFBDD2}.Release|Any CPU.Build.0 = Release|Any CPU
	EndGlobalSection
	GlobalSection(SolutionProperties) = preSolution
		HideSolutionNode = FALSE
	EndGlobalSection
	GlobalSection(ExtensibilityGlobals) = postSolution
		SolutionGuid = {34DF8BD5-B3C4-4243-AB36-A8EACB44BD62}
	EndGlobalSection
EndGlobal
